
Microsoft Visual Studio Solution File, Format Version 12.00
# Visual Studio Version 17
VisualStudioVersion = 17.4.33213.308
MinimumVisualStudioVersion = 10.0.40219.1
Project("{FAE04EC0-301F-11D3-BF4B-00C04F79EFBC}") = "GalileoSensorApplication", "GalileoSensorApplication\GalileoSensorApplication.csproj", "{75BD8601-DB72-478C-A48B-E29DFAD0D5A4}"
EndProject
Global
	GlobalSection(SolutionConfigurationPlatforms) = preSolution
		Debug|Any CPU = Debug|Any CPU
		Release|Any CPU = Release|Any CPU
	EndGlobalSection
	GlobalSection(ProjectConfigurationPlatforms) = postSolution
		{75BD8601-DB72-478C-A48B-E29DFAD0D5A4}.Debug|Any CPU.ActiveCfg = Debug|Any CPU
		{75BD8601-DB72-478C-A48B-E29DFAD0D5A4}.Debug|Any CPU.Build.0 = Debug|Any CPU
		{75BD8601-DB72-478C-A48B-E29DFAD0D5A4}.Release|Any CPU.ActiveCfg = Release|Any CPU
		{75BD8601-DB72-478C-A48B-E29DFAD0D5A4}.Release|Any CPU.Build.0 = Release|Any CPU
	EndGlobalSection
	GlobalSection(SolutionProperties) = preSolution
		HideSolutionNode = FALSE
	EndGlobalSection
	GlobalSection(ExtensibilityGlobals) = postSolution
		SolutionGuid = {EC60F394-E1F9-46D7-8275-A6822B20A345}
	EndGlobalSection
EndGlobal
